PODS:
  - AFNetworking (1.2.1)
  - DDPageControl (0.1)
  - Facebook-iOS-SDK (3.5.1)
  - JTObjectMapping (1.1)
  - SVProgressHUD (0.9)
  - TestFlightSDK (1.2.3.beta1)
  - TTTAttributedLabel (1.6.3)
  - UrbanAirship-iOS-SDK (1.4.0)
  - ViewDeck (2.2.11)

DEPENDENCIES:
  - AFNetworking
  - DDPageControl
  - Facebook-iOS-SDK
  - JTObjectMapping (= 1.1)
  - SVProgressHUD (>= 0.8)
  - TestFlightSDK (= 1.2.3.beta1)
  - TTTAttributedLabel
  - UrbanAirship-iOS-SDK
  - ViewDeck

SPEC CHECKSUMS:
  AFNetworking: 616da0028916ce296f5c3cef74e5552eb4e10e13
  DDPageControl: 3fb3d25d601b460028bf09ab70a03065ebd107f9
  Facebook-iOS-SDK: 0dbd897e842cefeb012ec2eb8eba659ba6b96b12
  JTObjectMapping: 245b1123d0f0d7d0d6ff6537f9d23bbe0d108ddc
  SVProgressHUD: 03d4845ec8e64591726428a08236c6a5489d45f8
  TestFlightSDK: f638b08651a37af099e40c47241fc58fd3cb1a66
  TTTAttributedLabel: 2aa510a0f8d34993b04ed4e6cf0839de52462004
  UrbanAirship-iOS-SDK: 169e60a879cc77a06eb3188c88004776c27464f0
  ViewDeck: b5eddc8559b0e47259ab7addbf2de6768061f139

COCOAPODS: 0.19.1
