// !$*UTF8*$!
{
	archiveVersion = 1;
	classes = {
	};
	objectVersion = 46;
	objects = {

/* Begin PBXBuildFile section */
		942545DB15A7554D005D1C04 /* BaseNavigationViewController.m in Sources */ = {isa = PBXBuildFile; fileRef = 942545DA15A7554D005D1C04 /* BaseNavigationViewController.m */; };
		942545E315A756A5005D1C04 /* CheckinsIndexViewController.m in Sources */ = {isa = PBXBuildFile; fileRef = 942545E215A756A5005D1C04 /* CheckinsIndexViewController.m */; };
		942545E615A75F86005D1C04 /* navbar.png in Resources */ = {isa = PBXBuildFile; fileRef = 942545E415A75F86005D1C04 /* navbar.png */; };
		942545E715A75F86005D1C04 /* navbar@2x.png in Resources */ = {isa = PBXBuildFile; fileRef = 942545E515A75F86005D1C04 /* navbar@2x.png */; };
		9425460815AADBA7005D1C04 /* RestClient.m in Sources */ = {isa = PBXBuildFile; fileRef = 9425460715AADBA7005D1C04 /* RestClient.m */; };
		9425460B15AADE66005D1C04 /* Utils.m in Sources */ = {isa = PBXBuildFile; fileRef = 9425460A15AADE66005D1C04 /* Utils.m */; };
		9425461015AAE548005D1C04 /* demo-photo.png in Resources */ = {isa = PBXBuildFile; fileRef = 9425460C15AAE548005D1C04 /* demo-photo.png */; };
		9425461115AAE548005D1C04 /* demo-photo@2x.png in Resources */ = {isa = PBXBuildFile; fileRef = 9425460D15AAE548005D1C04 /* demo-photo@2x.png */; };
		9425461215AAE548005D1C04 /* postcard.png in Resources */ = {isa = PBXBuildFile; fileRef = 9425460E15AAE548005D1C04 /* postcard.png */; };
		9425461315AAE548005D1C04 /* postcard@2x.png in Resources */ = {isa = PBXBuildFile; fileRef = 9425460F15AAE548005D1C04 /* postcard@2x.png */; };
		9425461E15AB0D9D005D1C04 /* UIImage+RoundedCorner.m in Sources */ = {isa = PBXBuildFile; fileRef = 9425461D15AB0D9D005D1C04 /* UIImage+RoundedCorner.m */; };
		9425462115AB0DE6005D1C04 /* UIImage+Alpha.m in Sources */ = {isa = PBXBuildFile; fileRef = 9425462015AB0DE6005D1C04 /* UIImage+Alpha.m */; };
		9425462415AB1A10005D1C04 /* PostCardCell.m in Sources */ = {isa = PBXBuildFile; fileRef = 9425462315AB1A10005D1C04 /* PostCardCell.m */; };
		9425462615AB278A005D1C04 /* profile-demo.png in Resources */ = {isa = PBXBuildFile; fileRef = 9425462515AB278A005D1C04 /* profile-demo.png */; };
		9425462915AB352B005D1C04 /* UIImage+Resize.m in Sources */ = {isa = PBXBuildFile; fileRef = 9425462815AB352A005D1C04 /* UIImage+Resize.m */; };
		9445C69715AC08E60060E131 /* comment-box.png in Resources */ = {isa = PBXBuildFile; fileRef = 9445C69515AC08E60060E131 /* comment-box.png */; };
		9445C69815AC08E60060E131 /* comment-box@2x.png in Resources */ = {isa = PBXBuildFile; fileRef = 9445C69615AC08E60060E131 /* comment-box@2x.png */; };
		9445C69C15AC14670060E131 /* CheckinNewViewController.m in Sources */ = {isa = PBXBuildFile; fileRef = 9445C69B15AC14670060E131 /* CheckinNewViewController.m */; };
		9445C6AD15AD4DDD0060E131 /* UserShowViewController.m in Sources */ = {isa = PBXBuildFile; fileRef = 9445C6AC15AD4DDC0060E131 /* UserShowViewController.m */; };
		948080B215A567DB006E5B0D /* libz.dylib in Frameworks */ = {isa = PBXBuildFile; fileRef = 948080B115A567DB006E5B0D /* libz.dylib */; };
		948080B915A574C7006E5B0D /* Gradients.m in Sources */ = {isa = PBXBuildFile; fileRef = 948080B815A574C7006E5B0D /* Gradients.m */; };
		948080C715A59F7A006E5B0D /* checkin.png in Resources */ = {isa = PBXBuildFile; fileRef = 948080BB15A59F7A006E5B0D /* checkin.png */; };
		948080C815A59F7A006E5B0D /* checkin@2x.png in Resources */ = {isa = PBXBuildFile; fileRef = 948080BC15A59F7A006E5B0D /* checkin@2x.png */; };
		948080C915A59F7A006E5B0D /* comment.png in Resources */ = {isa = PBXBuildFile; fileRef = 948080BD15A59F7A006E5B0D /* comment.png */; };
		948080CA15A59F7A006E5B0D /* comment@2x.png in Resources */ = {isa = PBXBuildFile; fileRef = 948080BE15A59F7A006E5B0D /* comment@2x.png */; };
		948080CB15A59F7A006E5B0D /* indicator.png in Resources */ = {isa = PBXBuildFile; fileRef = 948080BF15A59F7A006E5B0D /* indicator.png */; };
		948080CC15A59F7A006E5B0D /* indicator@2x.png in Resources */ = {isa = PBXBuildFile; fileRef = 948080C015A59F7A006E5B0D /* indicator@2x.png */; };
		948080CD15A59F7A006E5B0D /* profile.png in Resources */ = {isa = PBXBuildFile; fileRef = 948080C115A59F7A006E5B0D /* profile.png */; };
		948080CE15A59F7A006E5B0D /* profile@2x.png in Resources */ = {isa = PBXBuildFile; fileRef = 948080C215A59F7A006E5B0D /* profile@2x.png */; };
		948080CF15A59F7A006E5B0D /* star-pressed.png in Resources */ = {isa = PBXBuildFile; fileRef = 948080C315A59F7A006E5B0D /* star-pressed.png */; };
		948080D015A59F7A006E5B0D /* star-pressed@2x.png in Resources */ = {isa = PBXBuildFile; fileRef = 948080C415A59F7A006E5B0D /* star-pressed@2x.png */; };
		948080D115A59F7A006E5B0D /* star.png in Resources */ = {isa = PBXBuildFile; fileRef = 948080C515A59F7A006E5B0D /* star.png */; };
		948080D215A59F7A006E5B0D /* star@2x.png in Resources */ = {isa = PBXBuildFile; fileRef = 948080C615A59F7A006E5B0D /* star@2x.png */; };
		948080D815A5A07E006E5B0D /* Checkin.m in Sources */ = {isa = PBXBuildFile; fileRef = 948080D715A5A07E006E5B0D /* Checkin.m */; };
		948080DB15A5A09C006E5B0D /* Review.m in Sources */ = {isa = PBXBuildFile; fileRef = 948080DA15A5A09C006E5B0D /* Review.m */; };
		948080E415A5A3E5006E5B0D /* LoginViewController.m in Sources */ = {isa = PBXBuildFile; fileRef = 948080E315A5A3E5006E5B0D /* LoginViewController.m */; };
		948080E715A5AFC3006E5B0D /* QuartzCore.framework in Frameworks */ = {isa = PBXBuildFile; fileRef = 948080E515A5AFA4006E5B0D /* QuartzCore.framework */; };
		948080EE15A5DAF9006E5B0D /* Vkontakte.m in Sources */ = {isa = PBXBuildFile; fileRef = 948080ED15A5DAF9006E5B0D /* Vkontakte.m */; };
		948080F715A5E385006E5B0D /* environments.plist in Resources */ = {isa = PBXBuildFile; fileRef = 948080F615A5E385006E5B0D /* environments.plist */; };
		948080FA15A5E8BC006E5B0D /* Config.m in Sources */ = {isa = PBXBuildFile; fileRef = 948080F915A5E8BC006E5B0D /* Config.m */; };
		948080FD15A5EE82006E5B0D /* UIApplication+NetworkActivityIndicator.m in Sources */ = {isa = PBXBuildFile; fileRef = 948080FC15A5EE82006E5B0D /* UIApplication+NetworkActivityIndicator.m */; };
		9480810115A5EF66006E5B0D /* UIBarButtonItem+Borderless.m in Sources */ = {isa = PBXBuildFile; fileRef = 9480810015A5EF66006E5B0D /* UIBarButtonItem+Borderless.m */; };
		9480810415A5F041006E5B0D /* Place.m in Sources */ = {isa = PBXBuildFile; fileRef = 9480810315A5F040006E5B0D /* Place.m */; };
		9480810715A5F062006E5B0D /* Photo.m in Sources */ = {isa = PBXBuildFile; fileRef = 9480810615A5F062006E5B0D /* Photo.m */; };
		9480810E15A6BCFE006E5B0D /* VkontakteViewController.m in Sources */ = {isa = PBXBuildFile; fileRef = 9480810D15A6BCFE006E5B0D /* VkontakteViewController.m */; };
		9480811115A6C46B006E5B0D /* MBProgressHUD.m in Sources */ = {isa = PBXBuildFile; fileRef = 9480811015A6C46B006E5B0D /* MBProgressHUD.m */; };
		9480811515A6DED1006E5B0D /* avatar@2x.png in Resources */ = {isa = PBXBuildFile; fileRef = 9480811215A6DECF006E5B0D /* avatar@2x.png */; };
		9480811615A6DED1006E5B0D /* bg.png in Resources */ = {isa = PBXBuildFile; fileRef = 9480811315A6DED0006E5B0D /* bg.png */; };
		9480811715A6DED1006E5B0D /* bg@2x.png in Resources */ = {isa = PBXBuildFile; fileRef = 9480811415A6DED0006E5B0D /* bg@2x.png */; };
		9480811D15A72202006E5B0D /* User.m in Sources */ = {isa = PBXBuildFile; fileRef = 9480811C15A72200006E5B0D /* User.m */; };
		9480815D15A744D1006E5B0D /* avatar.png in Resources */ = {isa = PBXBuildFile; fileRef = 9480815A15A744D0006E5B0D /* avatar.png */; };
		9480815E15A744D1006E5B0D /* vk.png in Resources */ = {isa = PBXBuildFile; fileRef = 9480815B15A744D0006E5B0D /* vk.png */; };
		9480815F15A744D1006E5B0D /* vk@2x.png in Resources */ = {isa = PBXBuildFile; fileRef = 9480815C15A744D0006E5B0D /* vk@2x.png */; };
		9480816815A744F3006E5B0D /* mail-pressed.png in Resources */ = {isa = PBXBuildFile; fileRef = 9480816015A744ED006E5B0D /* mail-pressed.png */; };
		9480816915A744F3006E5B0D /* mail-pressed@2x.png in Resources */ = {isa = PBXBuildFile; fileRef = 9480816115A744EE006E5B0D /* mail-pressed@2x.png */; };
		9480816A15A744F3006E5B0D /* mail.png in Resources */ = {isa = PBXBuildFile; fileRef = 9480816215A744EE006E5B0D /* mail.png */; };
		9480816B15A744F3006E5B0D /* mail@2x.png in Resources */ = {isa = PBXBuildFile; fileRef = 9480816315A744EE006E5B0D /* mail@2x.png */; };
		9480816C15A744F3006E5B0D /* od-pressed.png in Resources */ = {isa = PBXBuildFile; fileRef = 9480816415A744F0006E5B0D /* od-pressed.png */; };
		9480816D15A744F3006E5B0D /* od-pressed@2x.png in Resources */ = {isa = PBXBuildFile; fileRef = 9480816515A744F1006E5B0D /* od-pressed@2x.png */; };
		9480816E15A744F3006E5B0D /* od.png in Resources */ = {isa = PBXBuildFile; fileRef = 9480816615A744F1006E5B0D /* od.png */; };
		9480816F15A744F3006E5B0D /* od@2x.png in Resources */ = {isa = PBXBuildFile; fileRef = 9480816715A744F1006E5B0D /* od@2x.png */; };
		9480817215A74505006E5B0D /* vk-pressed.png in Resources */ = {isa = PBXBuildFile; fileRef = 9480817015A74504006E5B0D /* vk-pressed.png */; };
		9480817315A74505006E5B0D /* vk-pressed@2x.png in Resources */ = {isa = PBXBuildFile; fileRef = 9480817115A74505006E5B0D /* vk-pressed@2x.png */; };
		94E8899115A4442500DF21D7 /* UIKit.framework in Frameworks */ = {isa = PBXBuildFile; fileRef = 94E8899015A4442500DF21D7 /* UIKit.framework */; };
		94E8899315A4442500DF21D7 /* Foundation.framework in Frameworks */ = {isa = PBXBuildFile; fileRef = 94E8899215A4442500DF21D7 /* Foundation.framework */; };
		94E8899515A4442500DF21D7 /* CoreGraphics.framework in Frameworks */ = {isa = PBXBuildFile; fileRef = 94E8899415A4442500DF21D7 /* CoreGraphics.framework */; };
		94E8899B15A4442500DF21D7 /* InfoPlist.strings in Resources */ = {isa = PBXBuildFile; fileRef = 94E8899915A4442500DF21D7 /* InfoPlist.strings */; };
		94E8899D15A4442500DF21D7 /* main.m in Sources */ = {isa = PBXBuildFile; fileRef = 94E8899C15A4442500DF21D7 /* main.m */; };
		94E889A115A4442500DF21D7 /* AppDelegate.m in Sources */ = {isa = PBXBuildFile; fileRef = 94E889A015A4442500DF21D7 /* AppDelegate.m */; };
		94E889A415A4442500DF21D7 /* MainStoryboard.storyboard in Resources */ = {isa = PBXBuildFile; fileRef = 94E889A215A4442500DF21D7 /* MainStoryboard.storyboard */; };
		94E889AF15A4442600DF21D7 /* SenTestingKit.framework in Frameworks */ = {isa = PBXBuildFile; fileRef = 94E889AE15A4442600DF21D7 /* SenTestingKit.framework */; };
		94E889B015A4442600DF21D7 /* UIKit.framework in Frameworks */ = {isa = PBXBuildFile; fileRef = 94E8899015A4442500DF21D7 /* UIKit.framework */; };
		94E889B115A4442600DF21D7 /* Foundation.framework in Frameworks */ = {isa = PBXBuildFile; fileRef = 94E8899215A4442500DF21D7 /* Foundation.framework */; };
		94E889B915A4442600DF21D7 /* InfoPlist.strings in Resources */ = {isa = PBXBuildFile; fileRef = 94E889B715A4442600DF21D7 /* InfoPlist.strings */; };
		94E889BC15A4442600DF21D7 /* socialTests.m in Sources */ = {isa = PBXBuildFile; fileRef = 94E889BB15A4442600DF21D7 /* socialTests.m */; };
		E1BBF588D8084C6981EBC058 /* libPods.a in Frameworks */ = {isa = PBXBuildFile; fileRef = 0FFCBFD674A74CE4908AC5F2 /* libPods.a */; };
/* End PBXBuildFile section */

/* Begin PBXContainerItemProxy section */
		94E889B215A4442600DF21D7 /* PBXContainerItemProxy */ = {
			isa = PBXContainerItemProxy;
			containerPortal = 94E8898315A4442500DF21D7 /* Project object */;
			proxyType = 1;
			remoteGlobalIDString = 94E8898B15A4442500DF21D7;
			remoteInfo = social;
		};
/* End PBXContainerItemProxy section */

/* Begin PBXFileReference section */
		0FFCBFD674A74CE4908AC5F2 /* libPods.a */ = {isa = PBXFileReference; explicitFileType = archive.ar; includeInIndex = 0; path = libPods.a; sourceTree = BUILT_PRODUCTS_DIR; };
		62D7E0F10EE14EC7B877AA8E /* Pods.xcconfig */ = {isa = PBXFileReference; includeInIndex = 1; lastKnownFileType = text.xcconfig; name = Pods.xcconfig; path = Pods/Pods.xcconfig; sourceTree = SOURCE_ROOT; };
		942545D915A7554D005D1C04 /* BaseNavigationViewController.h */ = {isa = PBXFileReference; fileEncoding = 4; lastKnownFileType = sourcecode.c.h; name = BaseNavigationViewController.h; path = controllers/BaseNavigationViewController.h; sourceTree = "<group>"; };
		942545DA15A7554D005D1C04 /* BaseNavigationViewController.m */ = {isa = PBXFileReference; fileEncoding = 4; lastKnownFileType = sourcecode.c.objc; name = BaseNavigationViewController.m; path = controllers/BaseNavigationViewController.m; sourceTree = "<group>"; };
		942545E115A756A5005D1C04 /* CheckinsIndexViewController.h */ = {isa = PBXFileReference; fileEncoding = 4; lastKnownFileType = sourcecode.c.h; name = CheckinsIndexViewController.h; path = controllers/CheckinsIndexViewController.h; sourceTree = "<group>"; };
		942545E215A756A5005D1C04 /* CheckinsIndexViewController.m */ = {isa = PBXFileReference; fileEncoding = 4; lastKnownFileType = sourcecode.c.objc; name = CheckinsIndexViewController.m; path = controllers/CheckinsIndexViewController.m; sourceTree = "<group>"; };
		942545E415A75F86005D1C04 /* navbar.png */ = {isa = PBXFileReference; lastKnownFileType = image.png; name = navbar.png; path = assets/navbar.png; sourceTree = "<group>"; };
		942545E515A75F86005D1C04 /* navbar@2x.png */ = {isa = PBXFileReference; lastKnownFileType = image.png; name = "navbar@2x.png"; path = "assets/navbar@2x.png"; sourceTree = "<group>"; };
		9425460615AADBA7005D1C04 /* RestClient.h */ = {isa = PBXFileReference; fileEncoding = 4; lastKnownFileType = sourcecode.c.h; name = RestClient.h; path = models/RestClient.h; sourceTree = "<group>"; };
		9425460715AADBA7005D1C04 /* RestClient.m */ = {isa = PBXFileReference; fileEncoding = 4; lastKnownFileType = sourcecode.c.objc; name = RestClient.m; path = models/RestClient.m; sourceTree = "<group>"; };
		9425460915AADE66005D1C04 /* Utils.h */ = {isa = PBXFileReference; fileEncoding = 4; lastKnownFileType = sourcecode.c.h; name = Utils.h; path = helpers/Utils.h; sourceTree = "<group>"; };
		9425460A15AADE66005D1C04 /* Utils.m */ = {isa = PBXFileReference; fileEncoding = 4; lastKnownFileType = sourcecode.c.objc; name = Utils.m; path = helpers/Utils.m; sourceTree = "<group>"; };
		9425460C15AAE548005D1C04 /* demo-photo.png */ = {isa = PBXFileReference; lastKnownFileType = image.png; name = "demo-photo.png"; path = "assets/demo-photo.png"; sourceTree = "<group>"; };
		9425460D15AAE548005D1C04 /* demo-photo@2x.png */ = {isa = PBXFileReference; lastKnownFileType = image.png; name = "demo-photo@2x.png"; path = "assets/demo-photo@2x.png"; sourceTree = "<group>"; };
		9425460E15AAE548005D1C04 /* postcard.png */ = {isa = PBXFileReference; lastKnownFileType = image.png; name = postcard.png; path = assets/postcard.png; sourceTree = "<group>"; };
		9425460F15AAE548005D1C04 /* postcard@2x.png */ = {isa = PBXFileReference; lastKnownFileType = image.png; name = "postcard@2x.png"; path = "assets/postcard@2x.png"; sourceTree = "<group>"; };
		9425461C15AB0D9D005D1C04 /* UIImage+RoundedCorner.h */ = {isa = PBXFileReference; fileEncoding = 4; lastKnownFileType = sourcecode.c.h; name = "UIImage+RoundedCorner.h"; path = "categories/UIImage+RoundedCorner.h"; sourceTree = "<group>"; };
		9425461D15AB0D9D005D1C04 /* UIImage+RoundedCorner.m */ = {isa = PBXFileReference; fileEncoding = 4; lastKnownFileType = sourcecode.c.objc; name = "UIImage+RoundedCorner.m"; path = "categories/UIImage+RoundedCorner.m"; sourceTree = "<group>"; };
		9425461F15AB0DE6005D1C04 /* UIImage+Alpha.h */ = {isa = PBXFileReference; fileEncoding = 4; lastKnownFileType = sourcecode.c.h; name = "UIImage+Alpha.h"; path = "categories/UIImage+Alpha.h"; sourceTree = "<group>"; };
		9425462015AB0DE6005D1C04 /* UIImage+Alpha.m */ = {isa = PBXFileReference; fileEncoding = 4; lastKnownFileType = sourcecode.c.objc; name = "UIImage+Alpha.m"; path = "categories/UIImage+Alpha.m"; sourceTree = "<group>"; };
		9425462215AB1A10005D1C04 /* PostCardCell.h */ = {isa = PBXFileReference; fileEncoding = 4; lastKnownFileType = sourcecode.c.h; name = PostCardCell.h; path = views/PostCardCell.h; sourceTree = "<group>"; };
		9425462315AB1A10005D1C04 /* PostCardCell.m */ = {isa = PBXFileReference; fileEncoding = 4; lastKnownFileType = sourcecode.c.objc; name = PostCardCell.m; path = views/PostCardCell.m; sourceTree = "<group>"; };
		9425462515AB278A005D1C04 /* profile-demo.png */ = {isa = PBXFileReference; lastKnownFileType = image.png; name = "profile-demo.png"; path = "../../../../Desktop/profile-demo.png"; sourceTree = "<group>"; };
		9425462715AB352A005D1C04 /* UIImage+Resize.h */ = {isa = PBXFileReference; fileEncoding = 4; lastKnownFileType = sourcecode.c.h; name = "UIImage+Resize.h"; path = "categories/UIImage+Resize.h"; sourceTree = "<group>"; };
		9425462815AB352A005D1C04 /* UIImage+Resize.m */ = {isa = PBXFileReference; fileEncoding = 4; lastKnownFileType = sourcecode.c.objc; name = "UIImage+Resize.m"; path = "categories/UIImage+Resize.m"; sourceTree = "<group>"; };
		9445C69515AC08E60060E131 /* comment-box.png */ = {isa = PBXFileReference; lastKnownFileType = image.png; name = "comment-box.png"; path = "assets/comment-box.png"; sourceTree = "<group>"; };
		9445C69615AC08E60060E131 /* comment-box@2x.png */ = {isa = PBXFileReference; lastKnownFileType = image.png; name = "comment-box@2x.png"; path = "assets/comment-box@2x.png"; sourceTree = "<group>"; };
		9445C69915AC105B0060E131 /* ru */ = {isa = PBXFileReference; lastKnownFileType = text.plist.strings; name = ru; path = ru.lproj/InfoPlist.strings; sourceTree = "<group>"; };
		9445C69A15AC14660060E131 /* CheckinNewViewController.h */ = {isa = PBXFileReference; fileEncoding = 4; lastKnownFileType = sourcecode.c.h; name = CheckinNewViewController.h; path = controllers/CheckinNewViewController.h; sourceTree = "<group>"; };
		9445C69B15AC14670060E131 /* CheckinNewViewController.m */ = {isa = PBXFileReference; fileEncoding = 4; lastKnownFileType = sourcecode.c.objc; name = CheckinNewViewController.m; path = controllers/CheckinNewViewController.m; sourceTree = "<group>"; };
		9445C6AB15AD4DDC0060E131 /* UserShowViewController.h */ = {isa = PBXFileReference; fileEncoding = 4; lastKnownFileType = sourcecode.c.h; name = UserShowViewController.h; path = controllers/UserShowViewController.h; sourceTree = "<group>"; };
		9445C6AC15AD4DDC0060E131 /* UserShowViewController.m */ = {isa = PBXFileReference; fileEncoding = 4; lastKnownFileType = sourcecode.c.objc; name = UserShowViewController.m; path = controllers/UserShowViewController.m; sourceTree = "<group>"; };
		948080B115A567DB006E5B0D /* libz.dylib */ = {isa = PBXFileReference; includeInIndex = 1; lastKnownFileType = "compiled.mach-o.dylib"; name = libz.dylib; path = usr/lib/libz.dylib; sourceTree = SDKROOT; };
		948080B715A574C7006E5B0D /* Gradients.h */ = {isa = PBXFileReference; fileEncoding = 4; lastKnownFileType = sourcecode.c.h; name = Gradients.h; path = helpers/Gradients.h; sourceTree = "<group>"; };
		948080B815A574C7006E5B0D /* Gradients.m */ = {isa = PBXFileReference; fileEncoding = 4; lastKnownFileType = sourcecode.c.objc; name = Gradients.m; path = helpers/Gradients.m; sourceTree = "<group>"; };
		948080BB15A59F7A006E5B0D /* checkin.png */ = {isa = PBXFileReference; lastKnownFileType = image.png; name = checkin.png; path = assets/checkin.png; sourceTree = "<group>"; };
		948080BC15A59F7A006E5B0D /* checkin@2x.png */ = {isa = PBXFileReference; lastKnownFileType = image.png; name = "checkin@2x.png"; path = "assets/checkin@2x.png"; sourceTree = "<group>"; };
		948080BD15A59F7A006E5B0D /* comment.png */ = {isa = PBXFileReference; lastKnownFileType = image.png; name = comment.png; path = assets/comment.png; sourceTree = "<group>"; };
		948080BE15A59F7A006E5B0D /* comment@2x.png */ = {isa = PBXFileReference; lastKnownFileType = image.png; name = "comment@2x.png"; path = "assets/comment@2x.png"; sourceTree = "<group>"; };
		948080BF15A59F7A006E5B0D /* indicator.png */ = {isa = PBXFileReference; lastKnownFileType = image.png; name = indicator.png; path = assets/indicator.png; sourceTree = "<group>"; };
		948080C015A59F7A006E5B0D /* indicator@2x.png */ = {isa = PBXFileReference; lastKnownFileType = image.png; name = "indicator@2x.png"; path = "assets/indicator@2x.png"; sourceTree = "<group>"; };
		948080C115A59F7A006E5B0D /* profile.png */ = {isa = PBXFileReference; lastKnownFileType = image.png; name = profile.png; path = assets/profile.png; sourceTree = "<group>"; };
		948080C215A59F7A006E5B0D /* profile@2x.png */ = {isa = PBXFileReference; lastKnownFileType = image.png; name = "profile@2x.png"; path = "assets/profile@2x.png"; sourceTree = "<group>"; };
		948080C315A59F7A006E5B0D /* star-pressed.png */ = {isa = PBXFileReference; lastKnownFileType = image.png; name = "star-pressed.png"; path = "assets/star-pressed.png"; sourceTree = "<group>"; };
		948080C415A59F7A006E5B0D /* star-pressed@2x.png */ = {isa = PBXFileReference; lastKnownFileType = image.png; name = "star-pressed@2x.png"; path = "assets/star-pressed@2x.png"; sourceTree = "<group>"; };
		948080C515A59F7A006E5B0D /* star.png */ = {isa = PBXFileReference; lastKnownFileType = image.png; name = star.png; path = assets/star.png; sourceTree = "<group>"; };
		948080C615A59F7A006E5B0D /* star@2x.png */ = {isa = PBXFileReference; lastKnownFileType = image.png; name = "star@2x.png"; path = "assets/star@2x.png"; sourceTree = "<group>"; };
		948080D615A5A07E006E5B0D /* Checkin.h */ = {isa = PBXFileReference; fileEncoding = 4; lastKnownFileType = sourcecode.c.h; name = Checkin.h; path = models/Checkin.h; sourceTree = "<group>"; };
		948080D715A5A07E006E5B0D /* Checkin.m */ = {isa = PBXFileReference; fileEncoding = 4; lastKnownFileType = sourcecode.c.objc; name = Checkin.m; path = models/Checkin.m; sourceTree = "<group>"; };
		948080D915A5A09C006E5B0D /* Review.h */ = {isa = PBXFileReference; fileEncoding = 4; lastKnownFileType = sourcecode.c.h; name = Review.h; path = models/Review.h; sourceTree = "<group>"; };
		948080DA15A5A09C006E5B0D /* Review.m */ = {isa = PBXFileReference; fileEncoding = 4; lastKnownFileType = sourcecode.c.objc; name = Review.m; path = models/Review.m; sourceTree = "<group>"; };
		948080E215A5A3E5006E5B0D /* LoginViewController.h */ = {isa = PBXFileReference; fileEncoding = 4; lastKnownFileType = sourcecode.c.h; name = LoginViewController.h; path = controllers/LoginViewController.h; sourceTree = "<group>"; };
		948080E315A5A3E5006E5B0D /* LoginViewController.m */ = {isa = PBXFileReference; fileEncoding = 4; lastKnownFileType = sourcecode.c.objc; name = LoginViewController.m; path = controllers/LoginViewController.m; sourceTree = "<group>"; };
		948080E515A5AFA4006E5B0D /* QuartzCore.framework */ = {isa = PBXFileReference; includeInIndex = 1; lastKnownFileType = wrapper.framework; name = QuartzCore.framework; path = System/Library/Frameworks/QuartzCore.framework; sourceTree = SDKROOT; };
		948080EC15A5DAF9006E5B0D /* Vkontakte.h */ = {isa = PBXFileReference; fileEncoding = 4; lastKnownFileType = sourcecode.c.h; name = Vkontakte.h; path = delegates/Vkontakte.h; sourceTree = "<group>"; };
		948080ED15A5DAF9006E5B0D /* Vkontakte.m */ = {isa = PBXFileReference; fileEncoding = 4; lastKnownFileType = sourcecode.c.objc; name = Vkontakte.m; path = delegates/Vkontakte.m; sourceTree = "<group>"; };
		948080F615A5E385006E5B0D /* environments.plist */ = {isa = PBXFileReference; fileEncoding = 4; lastKnownFileType = text.plist.xml; path = environments.plist; sourceTree = "<group>"; };
		948080F815A5E8BC006E5B0D /* Config.h */ = {isa = PBXFileReference; fileEncoding = 4; lastKnownFileType = sourcecode.c.h; name = Config.h; path = models/Config.h; sourceTree = "<group>"; };
		948080F915A5E8BC006E5B0D /* Config.m */ = {isa = PBXFileReference; fileEncoding = 4; lastKnownFileType = sourcecode.c.objc; name = Config.m; path = models/Config.m; sourceTree = "<group>"; };
		948080FB15A5EE82006E5B0D /* UIApplication+NetworkActivityIndicator.h */ = {isa = PBXFileReference; fileEncoding = 4; lastKnownFileType = sourcecode.c.h; name = "UIApplication+NetworkActivityIndicator.h"; path = "helpers/UIApplication+NetworkActivityIndicator.h"; sourceTree = "<group>"; };
		948080FC15A5EE82006E5B0D /* UIApplication+NetworkActivityIndicator.m */ = {isa = PBXFileReference; fileEncoding = 4; lastKnownFileType = sourcecode.c.objc; name = "UIApplication+NetworkActivityIndicator.m"; path = "helpers/UIApplication+NetworkActivityIndicator.m"; sourceTree = "<group>"; };
		948080FF15A5EF66006E5B0D /* UIBarButtonItem+Borderless.h */ = {isa = PBXFileReference; fileEncoding = 4; lastKnownFileType = sourcecode.c.h; name = "UIBarButtonItem+Borderless.h"; path = "categories/UIBarButtonItem+Borderless.h"; sourceTree = "<group>"; };
		9480810015A5EF66006E5B0D /* UIBarButtonItem+Borderless.m */ = {isa = PBXFileReference; fileEncoding = 4; lastKnownFileType = sourcecode.c.objc; name = "UIBarButtonItem+Borderless.m"; path = "categories/UIBarButtonItem+Borderless.m"; sourceTree = "<group>"; };
		9480810215A5F040006E5B0D /* Place.h */ = {isa = PBXFileReference; fileEncoding = 4; lastKnownFileType = sourcecode.c.h; name = Place.h; path = models/Place.h; sourceTree = "<group>"; };
		9480810315A5F040006E5B0D /* Place.m */ = {isa = PBXFileReference; fileEncoding = 4; lastKnownFileType = sourcecode.c.objc; name = Place.m; path = models/Place.m; sourceTree = "<group>"; };
		9480810515A5F062006E5B0D /* Photo.h */ = {isa = PBXFileReference; fileEncoding = 4; lastKnownFileType = sourcecode.c.h; name = Photo.h; path = models/Photo.h; sourceTree = "<group>"; };
		9480810615A5F062006E5B0D /* Photo.m */ = {isa = PBXFileReference; fileEncoding = 4; lastKnownFileType = sourcecode.c.objc; name = Photo.m; path = models/Photo.m; sourceTree = "<group>"; };
		9480810C15A6BCFE006E5B0D /* VkontakteViewController.h */ = {isa = PBXFileReference; fileEncoding = 4; lastKnownFileType = sourcecode.c.h; name = VkontakteViewController.h; path = controllers/VkontakteViewController.h; sourceTree = "<group>"; };
		9480810D15A6BCFE006E5B0D /* VkontakteViewController.m */ = {isa = PBXFileReference; fileEncoding = 4; lastKnownFileType = sourcecode.c.objc; name = VkontakteViewController.m; path = controllers/VkontakteViewController.m; sourceTree = "<group>"; };
		9480810F15A6C46B006E5B0D /* MBProgressHUD.h */ = {isa = PBXFileReference; fileEncoding = 4; lastKnownFileType = sourcecode.c.h; name = MBProgressHUD.h; path = views/MBProgressHUD.h; sourceTree = "<group>"; };
		9480811015A6C46B006E5B0D /* MBProgressHUD.m */ = {isa = PBXFileReference; fileEncoding = 4; lastKnownFileType = sourcecode.c.objc; name = MBProgressHUD.m; path = views/MBProgressHUD.m; sourceTree = "<group>"; };
		9480811215A6DECF006E5B0D /* avatar@2x.png */ = {isa = PBXFileReference; lastKnownFileType = image.png; name = "avatar@2x.png"; path = "assets/avatar@2x.png"; sourceTree = "<group>"; };
		9480811315A6DED0006E5B0D /* bg.png */ = {isa = PBXFileReference; lastKnownFileType = image.png; name = bg.png; path = assets/bg.png; sourceTree = "<group>"; };
		9480811415A6DED0006E5B0D /* bg@2x.png */ = {isa = PBXFileReference; lastKnownFileType = image.png; name = "bg@2x.png"; path = "assets/bg@2x.png"; sourceTree = "<group>"; };
		9480811B15A72200006E5B0D /* User.h */ = {isa = PBXFileReference; fileEncoding = 4; lastKnownFileType = sourcecode.c.h; name = User.h; path = models/User.h; sourceTree = "<group>"; };
		9480811C15A72200006E5B0D /* User.m */ = {isa = PBXFileReference; fileEncoding = 4; lastKnownFileType = sourcecode.c.objc; name = User.m; path = models/User.m; sourceTree = "<group>"; };
		9480815A15A744D0006E5B0D /* avatar.png */ = {isa = PBXFileReference; lastKnownFileType = image.png; name = avatar.png; path = assets/avatar.png; sourceTree = "<group>"; };
		9480815B15A744D0006E5B0D /* vk.png */ = {isa = PBXFileReference; lastKnownFileType = image.png; name = vk.png; path = assets/vk.png; sourceTree = "<group>"; };
		9480815C15A744D0006E5B0D /* vk@2x.png */ = {isa = PBXFileReference; lastKnownFileType = image.png; name = "vk@2x.png"; path = "assets/vk@2x.png"; sourceTree = "<group>"; };
		9480816015A744ED006E5B0D /* mail-pressed.png */ = {isa = PBXFileReference; lastKnownFileType = image.png; name = "mail-pressed.png"; path = "assets/mail-pressed.png"; sourceTree = "<group>"; };
		9480816115A744EE006E5B0D /* mail-pressed@2x.png */ = {isa = PBXFileReference; lastKnownFileType = image.png; name = "mail-pressed@2x.png"; path = "assets/mail-pressed@2x.png"; sourceTree = "<group>"; };
		9480816215A744EE006E5B0D /* mail.png */ = {isa = PBXFileReference; lastKnownFileType = image.png; name = mail.png; path = assets/mail.png; sourceTree = "<group>"; };
		9480816315A744EE006E5B0D /* mail@2x.png */ = {isa = PBXFileReference; lastKnownFileType = image.png; name = "mail@2x.png"; path = "assets/mail@2x.png"; sourceTree = "<group>"; };
		9480816415A744F0006E5B0D /* od-pressed.png */ = {isa = PBXFileReference; lastKnownFileType = image.png; name = "od-pressed.png"; path = "assets/od-pressed.png"; sourceTree = "<group>"; };
		9480816515A744F1006E5B0D /* od-pressed@2x.png */ = {isa = PBXFileReference; lastKnownFileType = image.png; name = "od-pressed@2x.png"; path = "assets/od-pressed@2x.png"; sourceTree = "<group>"; };
		9480816615A744F1006E5B0D /* od.png */ = {isa = PBXFileReference; lastKnownFileType = image.png; name = od.png; path = assets/od.png; sourceTree = "<group>"; };
		9480816715A744F1006E5B0D /* od@2x.png */ = {isa = PBXFileReference; lastKnownFileType = image.png; name = "od@2x.png"; path = "assets/od@2x.png"; sourceTree = "<group>"; };
		9480817015A74504006E5B0D /* vk-pressed.png */ = {isa = PBXFileReference; lastKnownFileType = image.png; name = "vk-pressed.png"; path = "assets/vk-pressed.png"; sourceTree = "<group>"; };
		9480817115A74505006E5B0D /* vk-pressed@2x.png */ = {isa = PBXFileReference; lastKnownFileType = image.png; name = "vk-pressed@2x.png"; path = "assets/vk-pressed@2x.png"; sourceTree = "<group>"; };
		94E8898C15A4442500DF21D7 /* explorer.app */ = {isa = PBXFileReference; explicitFileType = wrapper.application; includeInIndex = 0; path = explorer.app; sourceTree = BUILT_PRODUCTS_DIR; };
		94E8899015A4442500DF21D7 /* UIKit.framework */ = {isa = PBXFileReference; includeInIndex = 1; lastKnownFileType = wrapper.framework; name = UIKit.framework; path = System/Library/Frameworks/UIKit.framework; sourceTree = SDKROOT; };
		94E8899215A4442500DF21D7 /* Foundation.framework */ = {isa = PBXFileReference; includeInIndex = 1; lastKnownFileType = wrapper.framework; name = Foundation.framework; path = System/Library/Frameworks/Foundation.framework; sourceTree = SDKROOT; };
		94E8899415A4442500DF21D7 /* CoreGraphics.framework */ = {isa = PBXFileReference; includeInIndex = 1; lastKnownFileType = wrapper.framework; name = CoreGraphics.framework; path = System/Library/Frameworks/CoreGraphics.framework; sourceTree = SDKROOT; };
		94E8899815A4442500DF21D7 /* explorer-Info.plist */ = {isa = PBXFileReference; lastKnownFileType = text.plist.xml; path = "explorer-Info.plist"; sourceTree = "<group>"; };
		94E8899A15A4442500DF21D7 /* en */ = {isa = PBXFileReference; lastKnownFileType = text.plist.strings; name = en; path = en.lproj/InfoPlist.strings; sourceTree = "<group>"; };
		94E8899C15A4442500DF21D7 /* main.m */ = {isa = PBXFileReference; lastKnownFileType = sourcecode.c.objc; path = main.m; sourceTree = "<group>"; };
		94E8899E15A4442500DF21D7 /* explorer-Prefix.pch */ = {isa = PBXFileReference; lastKnownFileType = sourcecode.c.h; path = "explorer-Prefix.pch"; sourceTree = "<group>"; };
		94E8899F15A4442500DF21D7 /* AppDelegate.h */ = {isa = PBXFileReference; lastKnownFileType = sourcecode.c.h; path = AppDelegate.h; sourceTree = "<group>"; };
		94E889A015A4442500DF21D7 /* AppDelegate.m */ = {isa = PBXFileReference; lastKnownFileType = sourcecode.c.objc; path = AppDelegate.m; sourceTree = "<group>"; };
		94E889A315A4442500DF21D7 /* en */ = {isa = PBXFileReference; lastKnownFileType = file.storyboard; name = en; path = en.lproj/MainStoryboard.storyboard; sourceTree = "<group>"; };
		94E889AD15A4442600DF21D7 /* explorerTests.octest */ = {isa = PBXFileReference; explicitFileType = wrapper.cfbundle; includeInIndex = 0; path = explorerTests.octest; sourceTree = BUILT_PRODUCTS_DIR; };
		94E889AE15A4442600DF21D7 /* SenTestingKit.framework */ = {isa = PBXFileReference; lastKnownFileType = wrapper.framework; name = SenTestingKit.framework; path = Library/Frameworks/SenTestingKit.framework; sourceTree = DEVELOPER_DIR; };
		94E889B615A4442600DF21D7 /* explorerTests-Info.plist */ = {isa = PBXFileReference; lastKnownFileType = text.plist.xml; path = "explorerTests-Info.plist"; sourceTree = "<group>"; };
		94E889B815A4442600DF21D7 /* en */ = {isa = PBXFileReference; lastKnownFileType = text.plist.strings; name = en; path = en.lproj/InfoPlist.strings; sourceTree = "<group>"; };
		94E889BA15A4442600DF21D7 /* socialTests.h */ = {isa = PBXFileReference; lastKnownFileType = sourcecode.c.h; path = socialTests.h; sourceTree = "<group>"; };
		94E889BB15A4442600DF21D7 /* socialTests.m */ = {isa = PBXFileReference; lastKnownFileType = sourcecode.c.objc; path = socialTests.m; sourceTree = "<group>"; };
/* End PBXFileReference section */

/* Begin PBXFrameworksBuildPhase section */
		94E8898915A4442500DF21D7 /* Frameworks */ = {
			isa = PBXFrameworksBuildPhase;
			buildActionMask = 2147483647;
			files = (
				948080E715A5AFC3006E5B0D /* QuartzCore.framework in Frameworks */,
				948080B215A567DB006E5B0D /* libz.dylib in Frameworks */,
				94E8899115A4442500DF21D7 /* UIKit.framework in Frameworks */,
				94E8899315A4442500DF21D7 /* Foundation.framework in Frameworks */,
				94E8899515A4442500DF21D7 /* CoreGraphics.framework in Frameworks */,
				E1BBF588D8084C6981EBC058 /* libPods.a in Frameworks */,
			);
			runOnlyForDeploymentPostprocessing = 0;
		};
		94E889A915A4442600DF21D7 /* Frameworks */ = {
			isa = PBXFrameworksBuildPhase;
			buildActionMask = 2147483647;
			files = (
				94E889AF15A4442600DF21D7 /* SenTestingKit.framework in Frameworks */,
				94E889B015A4442600DF21D7 /* UIKit.framework in Frameworks */,
				94E889B115A4442600DF21D7 /* Foundation.framework in Frameworks */,
			);
			runOnlyForDeploymentPostprocessing = 0;
		};
/* End PBXFrameworksBuildPhase section */

/* Begin PBXGroup section */
		948080B615A57487006E5B0D /* Helpers */ = {
			isa = PBXGroup;
			children = (
				948080B715A574C7006E5B0D /* Gradients.h */,
				948080B815A574C7006E5B0D /* Gradients.m */,
				9425460915AADE66005D1C04 /* Utils.h */,
				9425460A15AADE66005D1C04 /* Utils.m */,
			);
			name = Helpers;
			sourceTree = "<group>";
		};
		948080BA15A59F6C006E5B0D /* Assets */ = {
			isa = PBXGroup;
			children = (
				9445C69515AC08E60060E131 /* comment-box.png */,
				9445C69615AC08E60060E131 /* comment-box@2x.png */,
				9425462515AB278A005D1C04 /* profile-demo.png */,
				9425460C15AAE548005D1C04 /* demo-photo.png */,
				9425460D15AAE548005D1C04 /* demo-photo@2x.png */,
				9425460E15AAE548005D1C04 /* postcard.png */,
				9425460F15AAE548005D1C04 /* postcard@2x.png */,
				942545E415A75F86005D1C04 /* navbar.png */,
				942545E515A75F86005D1C04 /* navbar@2x.png */,
				9480817015A74504006E5B0D /* vk-pressed.png */,
				9480817115A74505006E5B0D /* vk-pressed@2x.png */,
				9480816015A744ED006E5B0D /* mail-pressed.png */,
				9480816115A744EE006E5B0D /* mail-pressed@2x.png */,
				9480816215A744EE006E5B0D /* mail.png */,
				9480816315A744EE006E5B0D /* mail@2x.png */,
				9480816415A744F0006E5B0D /* od-pressed.png */,
				9480816515A744F1006E5B0D /* od-pressed@2x.png */,
				9480816615A744F1006E5B0D /* od.png */,
				9480816715A744F1006E5B0D /* od@2x.png */,
				9480815A15A744D0006E5B0D /* avatar.png */,
				9480815B15A744D0006E5B0D /* vk.png */,
				9480815C15A744D0006E5B0D /* vk@2x.png */,
				9480811215A6DECF006E5B0D /* avatar@2x.png */,
				9480811315A6DED0006E5B0D /* bg.png */,
				9480811415A6DED0006E5B0D /* bg@2x.png */,
				948080BB15A59F7A006E5B0D /* checkin.png */,
				948080BC15A59F7A006E5B0D /* checkin@2x.png */,
				948080BD15A59F7A006E5B0D /* comment.png */,
				948080BE15A59F7A006E5B0D /* comment@2x.png */,
				948080BF15A59F7A006E5B0D /* indicator.png */,
				948080C015A59F7A006E5B0D /* indicator@2x.png */,
				948080C115A59F7A006E5B0D /* profile.png */,
				948080C215A59F7A006E5B0D /* profile@2x.png */,
				948080C315A59F7A006E5B0D /* star-pressed.png */,
				948080C415A59F7A006E5B0D /* star-pressed@2x.png */,
				948080C515A59F7A006E5B0D /* star.png */,
				948080C615A59F7A006E5B0D /* star@2x.png */,
			);
			name = Assets;
			sourceTree = "<group>";
		};
		948080FE15A5EEE2006E5B0D /* Categories */ = {
			isa = PBXGroup;
			children = (
				948080FB15A5EE82006E5B0D /* UIApplication+NetworkActivityIndicator.h */,
				948080FC15A5EE82006E5B0D /* UIApplication+NetworkActivityIndicator.m */,
				948080FF15A5EF66006E5B0D /* UIBarButtonItem+Borderless.h */,
				9480810015A5EF66006E5B0D /* UIBarButtonItem+Borderless.m */,
				9425461C15AB0D9D005D1C04 /* UIImage+RoundedCorner.h */,
				9425461D15AB0D9D005D1C04 /* UIImage+RoundedCorner.m */,
				9425461F15AB0DE6005D1C04 /* UIImage+Alpha.h */,
				9425462015AB0DE6005D1C04 /* UIImage+Alpha.m */,
				9425462715AB352A005D1C04 /* UIImage+Resize.h */,
				9425462815AB352A005D1C04 /* UIImage+Resize.m */,
			);
			name = Categories;
			sourceTree = "<group>";
		};
		94E8898115A4442500DF21D7 = {
			isa = PBXGroup;
			children = (
				948080B115A567DB006E5B0D /* libz.dylib */,
				94E8899615A4442500DF21D7 /* social */,
				94E889B415A4442600DF21D7 /* socialTests */,
				94E8898F15A4442500DF21D7 /* Frameworks */,
				94E8898D15A4442500DF21D7 /* Products */,
				62D7E0F10EE14EC7B877AA8E /* Pods.xcconfig */,
			);
			sourceTree = "<group>";
		};
		94E8898D15A4442500DF21D7 /* Products */ = {
			isa = PBXGroup;
			children = (
				94E8898C15A4442500DF21D7 /* explorer.app */,
				94E889AD15A4442600DF21D7 /* explorerTests.octest */,
			);
			name = Products;
			sourceTree = "<group>";
		};
		94E8898F15A4442500DF21D7 /* Frameworks */ = {
			isa = PBXGroup;
			children = (
				948080E515A5AFA4006E5B0D /* QuartzCore.framework */,
				94E8899015A4442500DF21D7 /* UIKit.framework */,
				94E8899215A4442500DF21D7 /* Foundation.framework */,
				94E8899415A4442500DF21D7 /* CoreGraphics.framework */,
				94E889AE15A4442600DF21D7 /* SenTestingKit.framework */,
				0FFCBFD674A74CE4908AC5F2 /* libPods.a */,
			);
			name = Frameworks;
			sourceTree = "<group>";
		};
		94E8899615A4442500DF21D7 /* social */ = {
			isa = PBXGroup;
			children = (
				948080FE15A5EEE2006E5B0D /* Categories */,
				948080BA15A59F6C006E5B0D /* Assets */,
				948080B615A57487006E5B0D /* Helpers */,
				94E889C515A4724A00DF21D7 /* Controllers */,
				94E889C715A4725E00DF21D7 /* Delegates */,
				94E889C615A4725200DF21D7 /* Models */,
				94E889C815A4726500DF21D7 /* Views */,
				94E8899F15A4442500DF21D7 /* AppDelegate.h */,
				94E889A015A4442500DF21D7 /* AppDelegate.m */,
				94E889A215A4442500DF21D7 /* MainStoryboard.storyboard */,
				94E8899715A4442500DF21D7 /* Supporting Files */,
			);
			path = social;
			sourceTree = "<group>";
		};
		94E8899715A4442500DF21D7 /* Supporting Files */ = {
			isa = PBXGroup;
			children = (
				94E8899815A4442500DF21D7 /* explorer-Info.plist */,
				94E8899915A4442500DF21D7 /* InfoPlist.strings */,
				94E8899C15A4442500DF21D7 /* main.m */,
				94E8899E15A4442500DF21D7 /* explorer-Prefix.pch */,
				948080F615A5E385006E5B0D /* environments.plist */,
			);
			name = "Supporting Files";
			sourceTree = "<group>";
		};
		94E889B415A4442600DF21D7 /* socialTests */ = {
			isa = PBXGroup;
			children = (
				94E889BA15A4442600DF21D7 /* socialTests.h */,
				94E889BB15A4442600DF21D7 /* socialTests.m */,
				94E889B515A4442600DF21D7 /* Supporting Files */,
			);
			path = socialTests;
			sourceTree = "<group>";
		};
		94E889B515A4442600DF21D7 /* Supporting Files */ = {
			isa = PBXGroup;
			children = (
				94E889B615A4442600DF21D7 /* explorerTests-Info.plist */,
				94E889B715A4442600DF21D7 /* InfoPlist.strings */,
			);
			name = "Supporting Files";
			sourceTree = "<group>";
		};
		94E889C515A4724A00DF21D7 /* Controllers */ = {
			isa = PBXGroup;
			children = (
				948080E215A5A3E5006E5B0D /* LoginViewController.h */,
				948080E315A5A3E5006E5B0D /* LoginViewController.m */,
				9480810C15A6BCFE006E5B0D /* VkontakteViewController.h */,
				9480810D15A6BCFE006E5B0D /* VkontakteViewController.m */,
				942545D915A7554D005D1C04 /* BaseNavigationViewController.h */,
				942545DA15A7554D005D1C04 /* BaseNavigationViewController.m */,
				942545E115A756A5005D1C04 /* CheckinsIndexViewController.h */,
				942545E215A756A5005D1C04 /* CheckinsIndexViewController.m */,
				9445C69A15AC14660060E131 /* CheckinNewViewController.h */,
				9445C69B15AC14670060E131 /* CheckinNewViewController.m */,
				9445C6AB15AD4DDC0060E131 /* UserShowViewController.h */,
				9445C6AC15AD4DDC0060E131 /* UserShowViewController.m */,
			);
			name = Controllers;
			sourceTree = "<group>";
		};
		94E889C615A4725200DF21D7 /* Models */ = {
			isa = PBXGroup;
			children = (
				9480810515A5F062006E5B0D /* Photo.h */,
				9480810615A5F062006E5B0D /* Photo.m */,
				9480810215A5F040006E5B0D /* Place.h */,
				9480810315A5F040006E5B0D /* Place.m */,
				948080D615A5A07E006E5B0D /* Checkin.h */,
				948080D715A5A07E006E5B0D /* Checkin.m */,
				948080D915A5A09C006E5B0D /* Review.h */,
				948080DA15A5A09C006E5B0D /* Review.m */,
				948080F815A5E8BC006E5B0D /* Config.h */,
				948080F915A5E8BC006E5B0D /* Config.m */,
				9480811B15A72200006E5B0D /* User.h */,
				9480811C15A72200006E5B0D /* User.m */,
				9425460615AADBA7005D1C04 /* RestClient.h */,
				9425460715AADBA7005D1C04 /* RestClient.m */,
			);
			name = Models;
			sourceTree = "<group>";
		};
		94E889C715A4725E00DF21D7 /* Delegates */ = {
			isa = PBXGroup;
			children = (
				948080EC15A5DAF9006E5B0D /* Vkontakte.h */,
				948080ED15A5DAF9006E5B0D /* Vkontakte.m */,
			);
			name = Delegates;
			sourceTree = "<group>";
		};
		94E889C815A4726500DF21D7 /* Views */ = {
			isa = PBXGroup;
			children = (
				9480810F15A6C46B006E5B0D /* MBProgressHUD.h */,
				9480811015A6C46B006E5B0D /* MBProgressHUD.m */,
				9425462215AB1A10005D1C04 /* PostCardCell.h */,
				9425462315AB1A10005D1C04 /* PostCardCell.m */,
			);
			name = Views;
			sourceTree = "<group>";
		};
/* End PBXGroup section */

/* Begin PBXNativeTarget section */
		94E8898B15A4442500DF21D7 /* explorer */ = {
			isa = PBXNativeTarget;
			buildConfigurationList = 94E889BF15A4442600DF21D7 /* Build configuration list for PBXNativeTarget "explorer" */;
			buildPhases = (
				94E8898815A4442500DF21D7 /* Sources */,
				94E8898915A4442500DF21D7 /* Frameworks */,
				94E8898A15A4442500DF21D7 /* Resources */,
				F192B86AE22B4934BB1EC878 /* Copy Pods Resources */,
			);
			buildRules = (
			);
			dependencies = (
			);
			name = explorer;
			productName = social;
			productReference = 94E8898C15A4442500DF21D7 /* explorer.app */;
			productType = "com.apple.product-type.application";
		};
		94E889AC15A4442600DF21D7 /* explorerTests */ = {
			isa = PBXNativeTarget;
			buildConfigurationList = 94E889C215A4442600DF21D7 /* Build configuration list for PBXNativeTarget "explorerTests" */;
			buildPhases = (
				94E889A815A4442600DF21D7 /* Sources */,
				94E889A915A4442600DF21D7 /* Frameworks */,
				94E889AA15A4442600DF21D7 /* Resources */,
				94E889AB15A4442600DF21D7 /* ShellScript */,
			);
			buildRules = (
			);
			dependencies = (
				94E889B315A4442600DF21D7 /* PBXTargetDependency */,
			);
			name = explorerTests;
			productName = socialTests;
			productReference = 94E889AD15A4442600DF21D7 /* explorerTests.octest */;
			productType = "com.apple.product-type.bundle";
		};
/* End PBXNativeTarget section */

/* Begin PBXProject section */
		94E8898315A4442500DF21D7 /* Project object */ = {
			isa = PBXProject;
			attributes = {
				LastUpgradeCheck = 0430;
			};
			buildConfigurationList = 94E8898615A4442500DF21D7 /* Build configuration list for PBXProject "explorer" */;
			compatibilityVersion = "Xcode 3.2";
			developmentRegion = English;
			hasScannedForEncodings = 0;
			knownRegions = (
				en,
				ru,
			);
			mainGroup = 94E8898115A4442500DF21D7;
			productRefGroup = 94E8898D15A4442500DF21D7 /* Products */;
			projectDirPath = "";
			projectRoot = "";
			targets = (
				94E8898B15A4442500DF21D7 /* explorer */,
				94E889AC15A4442600DF21D7 /* explorerTests */,
			);
		};
/* End PBXProject section */

/* Begin PBXResourcesBuildPhase section */
		94E8898A15A4442500DF21D7 /* Resources */ = {
			isa = PBXResourcesBuildPhase;
			buildActionMask = 2147483647;
			files = (
				94E8899B15A4442500DF21D7 /* InfoPlist.strings in Resources */,
				94E889A415A4442500DF21D7 /* MainStoryboard.storyboard in Resources */,
				948080C715A59F7A006E5B0D /* checkin.png in Resources */,
				948080C815A59F7A006E5B0D /* checkin@2x.png in Resources */,
				948080C915A59F7A006E5B0D /* comment.png in Resources */,
				948080CA15A59F7A006E5B0D /* comment@2x.png in Resources */,
				948080CB15A59F7A006E5B0D /* indicator.png in Resources */,
				948080CC15A59F7A006E5B0D /* indicator@2x.png in Resources */,
				948080CD15A59F7A006E5B0D /* profile.png in Resources */,
				948080CE15A59F7A006E5B0D /* profile@2x.png in Resources */,
				948080CF15A59F7A006E5B0D /* star-pressed.png in Resources */,
				948080D015A59F7A006E5B0D /* star-pressed@2x.png in Resources */,
				948080D115A59F7A006E5B0D /* star.png in Resources */,
				948080D215A59F7A006E5B0D /* star@2x.png in Resources */,
				948080F715A5E385006E5B0D /* environments.plist in Resources */,
				9480811515A6DED1006E5B0D /* avatar@2x.png in Resources */,
				9480811615A6DED1006E5B0D /* bg.png in Resources */,
				9480811715A6DED1006E5B0D /* bg@2x.png in Resources */,
				9480815D15A744D1006E5B0D /* avatar.png in Resources */,
				9480815E15A744D1006E5B0D /* vk.png in Resources */,
				9480815F15A744D1006E5B0D /* vk@2x.png in Resources */,
				9480816815A744F3006E5B0D /* mail-pressed.png in Resources */,
				9480816915A744F3006E5B0D /* mail-pressed@2x.png in Resources */,
				9480816A15A744F3006E5B0D /* mail.png in Resources */,
				9480816B15A744F3006E5B0D /* mail@2x.png in Resources */,
				9480816C15A744F3006E5B0D /* od-pressed.png in Resources */,
				9480816D15A744F3006E5B0D /* od-pressed@2x.png in Resources */,
				9480816E15A744F3006E5B0D /* od.png in Resources */,
				9480816F15A744F3006E5B0D /* od@2x.png in Resources */,
				9480817215A74505006E5B0D /* vk-pressed.png in Resources */,
				9480817315A74505006E5B0D /* vk-pressed@2x.png in Resources */,
				942545E615A75F86005D1C04 /* navbar.png in Resources */,
				942545E715A75F86005D1C04 /* navbar@2x.png in Resources */,
				9425461015AAE548005D1C04 /* demo-photo.png in Resources */,
				9425461115AAE548005D1C04 /* demo-photo@2x.png in Resources */,
				9425461215AAE548005D1C04 /* postcard.png in Resources */,
				9425461315AAE548005D1C04 /* postcard@2x.png in Resources */,
				9425462615AB278A005D1C04 /* profile-demo.png in Resources */,
				9445C69715AC08E60060E131 /* comment-box.png in Resources */,
				9445C69815AC08E60060E131 /* comment-box@2x.png in Resources */,
			);
			runOnlyForDeploymentPostprocessing = 0;
		};
		94E889AA15A4442600DF21D7 /* Resources */ = {
			isa = PBXResourcesBuildPhase;
			buildActionMask = 2147483647;
			files = (
				94E889B915A4442600DF21D7 /* InfoPlist.strings in Resources */,
			);
			runOnlyForDeploymentPostprocessing = 0;
		};
/* End PBXResourcesBuildPhase section */

/* Begin PBXShellScriptBuildPhase section */
		94E889AB15A4442600DF21D7 /* ShellScript */ = {
			isa = PBXShellScriptBuildPhase;
			buildActionMask = 2147483647;
			files = (
			);
			inputPaths = (
			);
			outputPaths = (
			);
			runOnlyForDeploymentPostprocessing = 0;
			shellPath = /bin/sh;
			shellScript = "# Run the unit tests in this test bundle.\n\"${SYSTEM_DEVELOPER_DIR}/Tools/RunUnitTests\"\n";
		};
		F192B86AE22B4934BB1EC878 /* Copy Pods Resources */ = {
			isa = PBXShellScriptBuildPhase;
			buildActionMask = 2147483647;
			files = (
			);
			inputPaths = (
			);
			name = "Copy Pods Resources";
			outputPaths = (
			);
			runOnlyForDeploymentPostprocessing = 0;
			shellPath = /bin/sh;
			shellScript = "\"${SRCROOT}/Pods/Pods-resources.sh\"\n";
		};
/* End PBXShellScriptBuildPhase section */

/* Begin PBXSourcesBuildPhase section */
		94E8898815A4442500DF21D7 /* Sources */ = {
			isa = PBXSourcesBuildPhase;
			buildActionMask = 2147483647;
			files = (
				94E8899D15A4442500DF21D7 /* main.m in Sources */,
				94E889A115A4442500DF21D7 /* AppDelegate.m in Sources */,
				948080B915A574C7006E5B0D /* Gradients.m in Sources */,
				948080D815A5A07E006E5B0D /* Checkin.m in Sources */,
				948080DB15A5A09C006E5B0D /* Review.m in Sources */,
				948080E415A5A3E5006E5B0D /* LoginViewController.m in Sources */,
				948080EE15A5DAF9006E5B0D /* Vkontakte.m in Sources */,
				948080FA15A5E8BC006E5B0D /* Config.m in Sources */,
				948080FD15A5EE82006E5B0D /* UIApplication+NetworkActivityIndicator.m in Sources */,
				9480810115A5EF66006E5B0D /* UIBarButtonItem+Borderless.m in Sources */,
				9480810415A5F041006E5B0D /* Place.m in Sources */,
				9480810715A5F062006E5B0D /* Photo.m in Sources */,
				9480810E15A6BCFE006E5B0D /* VkontakteViewController.m in Sources */,
				9480811115A6C46B006E5B0D /* MBProgressHUD.m in Sources */,
				9480811D15A72202006E5B0D /* User.m in Sources */,
				942545DB15A7554D005D1C04 /* BaseNavigationViewController.m in Sources */,
				942545E315A756A5005D1C04 /* CheckinsIndexViewController.m in Sources */,
				9425460815AADBA7005D1C04 /* RestClient.m in Sources */,
				9425460B15AADE66005D1C04 /* Utils.m in Sources */,
				9425461E15AB0D9D005D1C04 /* UIImage+RoundedCorner.m in Sources */,
				9425462115AB0DE6005D1C04 /* UIImage+Alpha.m in Sources */,
				9425462415AB1A10005D1C04 /* PostCardCell.m in Sources */,
				9425462915AB352B005D1C04 /* UIImage+Resize.m in Sources */,
				9445C69C15AC14670060E131 /* CheckinNewViewController.m in Sources */,
				9445C6AD15AD4DDD0060E131 /* UserShowViewController.m in Sources */,
			);
			runOnlyForDeploymentPostprocessing = 0;
		};
		94E889A815A4442600DF21D7 /* Sources */ = {
			isa = PBXSourcesBuildPhase;
			buildActionMask = 2147483647;
			files = (
				94E889BC15A4442600DF21D7 /* socialTests.m in Sources */,
			);
			runOnlyForDeploymentPostprocessing = 0;
		};
/* End PBXSourcesBuildPhase section */

/* Begin PBXTargetDependency section */
		94E889B315A4442600DF21D7 /* PBXTargetDependency */ = {
			isa = PBXTargetDependency;
			target = 94E8898B15A4442500DF21D7 /* explorer */;
			targetProxy = 94E889B215A4442600DF21D7 /* PBXContainerItemProxy */;
		};
/* End PBXTargetDependency section */

/* Begin PBXVariantGroup section */
		94E8899915A4442500DF21D7 /* InfoPlist.strings */ = {
			isa = PBXVariantGroup;
			children = (
				94E8899A15A4442500DF21D7 /* en */,
				9445C69915AC105B0060E131 /* ru */,
			);
			name = InfoPlist.strings;
			sourceTree = "<group>";
		};
		94E889A215A4442500DF21D7 /* MainStoryboard.storyboard */ = {
			isa = PBXVariantGroup;
			children = (
				94E889A315A4442500DF21D7 /* en */,
			);
			name = MainStoryboard.storyboard;
			sourceTree = "<group>";
		};
		94E889B715A4442600DF21D7 /* InfoPlist.strings */ = {
			isa = PBXVariantGroup;
			children = (
				94E889B815A4442600DF21D7 /* en */,
			);
			name = InfoPlist.strings;
			sourceTree = "<group>";
		};
/* End PBXVariantGroup section */

/* Begin XCBuildConfiguration section */
		9445C6A815AD4AEF0060E131 /* Distribution */ = {
			isa = XCBuildConfiguration;
			buildSettings = {
				ALWAYS_SEARCH_USER_PATHS = NO;
				ARCHS = "$(ARCHS_STANDARD_32_BIT)";
				CLANG_ENABLE_OBJC_ARC = YES;
				CODE_SIGN_IDENTITY = "iPhone Developer: Ryan Romanchuk (EJS65VQT48)";
				"CODE_SIGN_IDENTITY[sdk=iphoneos*]" = "iPhone Developer";
				COPY_PHASE_STRIP = NO;
				GCC_C_LANGUAGE_STANDARD = gnu99;
				GCC_VERSION = com.apple.compilers.llvm.clang.1_0;
				GCC_WARN_ABOUT_RETURN_TYPE = YES;
				GCC_WARN_UNINITIALIZED_AUTOS = YES;
				GCC_WARN_UNUSED_VARIABLE = YES;
				IPHONEOS_DEPLOYMENT_TARGET = 5.1;
				OTHER_CFLAGS = "-DNS_BLOCK_ASSERTIONS=1";
				PROVISIONING_PROFILE = "C2FCB3A0-BBBB-4CCF-898F-5FAB11E0B23B";
				SDKROOT = iphoneos;
				STRIP_INSTALLED_PRODUCT = NO;
				VALIDATE_PRODUCT = YES;
			};
			name = Distribution;
		};
		9445C6A915AD4AEF0060E131 /* Distribution */ = {
			isa = XCBuildConfiguration;
			baseConfigurationReference = 62D7E0F10EE14EC7B877AA8E /* Pods.xcconfig */;
			buildSettings = {
				GCC_PRECOMPILE_PREFIX_HEADER = YES;
				GCC_PREFIX_HEADER = "social/explorer-Prefix.pch";
				INFOPLIST_FILE = "social/explorer-Info.plist";
				LIBRARY_SEARCH_PATHS = (
					"$(inherited)",
					"\"$(SRCROOT)\"",
				);
				PRODUCT_NAME = explorer;
				TARGETED_DEVICE_FAMILY = 1;
				WRAPPER_EXTENSION = app;
			};
			name = Distribution;
		};
		9445C6AA15AD4AEF0060E131 /* Distribution */ = {
			isa = XCBuildConfiguration;
			buildSettings = {
				BUNDLE_LOADER = "$(BUILT_PRODUCTS_DIR)/social.app/social";
				FRAMEWORK_SEARCH_PATHS = (
					"$(SDKROOT)/Developer/Library/Frameworks",
					"$(DEVELOPER_LIBRARY_DIR)/Frameworks",
				);
				GCC_PRECOMPILE_PREFIX_HEADER = YES;
				GCC_PREFIX_HEADER = "social/social-Prefix.pch";
				INFOPLIST_FILE = "socialTests/explorerTests-Info.plist";
				PRODUCT_NAME = explorerTests;
				TEST_HOST = "$(BUNDLE_LOADER)";
				WRAPPER_EXTENSION = octest;
			};
			name = Distribution;
		};
		94E889BD15A4442600DF21D7 /* Debug */ = {
			isa = XCBuildConfiguration;
			buildSettings = {
				ALWAYS_SEARCH_USER_PATHS = NO;
				ARCHS = "$(ARCHS_STANDARD_32_BIT)";
				CLANG_ENABLE_OBJC_ARC = YES;
				CODE_SIGN_IDENTITY = "iPhone Developer: Ryan Romanchuk (EJS65VQT48)";
				"CODE_SIGN_IDENTITY[sdk=iphoneos*]" = "iPhone Developer";
				COPY_PHASE_STRIP = NO;
				GCC_C_LANGUAGE_STANDARD = gnu99;
				GCC_DYNAMIC_NO_PIC = NO;
				GCC_OPTIMIZATION_LEVEL = 0;
				GCC_PREPROCESSOR_DEFINITIONS = (
					"DEBUG=1",
					"$(inherited)",
				);
				GCC_SYMBOLS_PRIVATE_EXTERN = NO;
				GCC_VERSION = com.apple.compilers.llvm.clang.1_0;
				GCC_WARN_ABOUT_RETURN_TYPE = YES;
				GCC_WARN_UNINITIALIZED_AUTOS = YES;
				GCC_WARN_UNUSED_VARIABLE = YES;
				IPHONEOS_DEPLOYMENT_TARGET = 5.1;
				PROVISIONING_PROFILE = "C2FCB3A0-BBBB-4CCF-898F-5FAB11E0B23B";
				SDKROOT = iphoneos;
			};
			name = Debug;
		};
		94E889BE15A4442600DF21D7 /* Release */ = {
			isa = XCBuildConfiguration;
			buildSettings = {
				ALWAYS_SEARCH_USER_PATHS = NO;
				ARCHS = "$(ARCHS_STANDARD_32_BIT)";
				CLANG_ENABLE_OBJC_ARC = YES;
				CODE_SIGN_IDENTITY = "iPhone Developer: Ryan Romanchuk (EJS65VQT48)";
				"CODE_SIGN_IDENTITY[sdk=iphoneos*]" = "iPhone Developer";
				COPY_PHASE_STRIP = YES;
				GCC_C_LANGUAGE_STANDARD = gnu99;
				GCC_VERSION = com.apple.compilers.llvm.clang.1_0;
				GCC_WARN_ABOUT_RETURN_TYPE = YES;
				GCC_WARN_UNINITIALIZED_AUTOS = YES;
				GCC_WARN_UNUSED_VARIABLE = YES;
				IPHONEOS_DEPLOYMENT_TARGET = 5.1;
				OTHER_CFLAGS = "-DNS_BLOCK_ASSERTIONS=1";
				PROVISIONING_PROFILE = "C2FCB3A0-BBBB-4CCF-898F-5FAB11E0B23B";
				SDKROOT = iphoneos;
				VALIDATE_PRODUCT = YES;
			};
			name = Release;
		};
		94E889C015A4442600DF21D7 /* Debug */ = {
			isa = XCBuildConfiguration;
			baseConfigurationReference = 62D7E0F10EE14EC7B877AA8E /* Pods.xcconfig */;
			buildSettings = {
				GCC_PRECOMPILE_PREFIX_HEADER = YES;
				GCC_PREFIX_HEADER = "social/explorer-Prefix.pch";
				INFOPLIST_FILE = "social/explorer-Info.plist";
				LIBRARY_SEARCH_PATHS = (
					"$(inherited)",
					"\"$(SRCROOT)\"",
				);
				PRODUCT_NAME = explorer;
				TARGETED_DEVICE_FAMILY = 1;
				WRAPPER_EXTENSION = app;
			};
			name = Debug;
		};
		94E889C115A4442600DF21D7 /* Release */ = {
			isa = XCBuildConfiguration;
			baseConfigurationReference = 62D7E0F10EE14EC7B877AA8E /* Pods.xcconfig */;
			buildSettings = {
				GCC_PRECOMPILE_PREFIX_HEADER = YES;
				GCC_PREFIX_HEADER = "social/explorer-Prefix.pch";
				INFOPLIST_FILE = "social/explorer-Info.plist";
				LIBRARY_SEARCH_PATHS = (
					"$(inherited)",
					"\"$(SRCROOT)\"",
				);
				PRODUCT_NAME = explorer;
				TARGETED_DEVICE_FAMILY = 1;
				WRAPPER_EXTENSION = app;
			};
			name = Release;
		};
		94E889C315A4442600DF21D7 /* Debug */ = {
			isa = XCBuildConfiguration;
			buildSettings = {
				BUNDLE_LOADER = "$(BUILT_PRODUCTS_DIR)/social.app/social";
				FRAMEWORK_SEARCH_PATHS = (
					"$(SDKROOT)/Developer/Library/Frameworks",
					"$(DEVELOPER_LIBRARY_DIR)/Frameworks",
				);
				GCC_PRECOMPILE_PREFIX_HEADER = YES;
				GCC_PREFIX_HEADER = "social/social-Prefix.pch";
				INFOPLIST_FILE = "socialTests/explorerTests-Info.plist";
				PRODUCT_NAME = explorerTests;
				TEST_HOST = "$(BUNDLE_LOADER)";
				WRAPPER_EXTENSION = octest;
			};
			name = Debug;
		};
		94E889C415A4442600DF21D7 /* Release */ = {
			isa = XCBuildConfiguration;
			buildSettings = {
				BUNDLE_LOADER = "$(BUILT_PRODUCTS_DIR)/social.app/social";
				FRAMEWORK_SEARCH_PATHS = (
					"$(SDKROOT)/Developer/Library/Frameworks",
					"$(DEVELOPER_LIBRARY_DIR)/Frameworks",
				);
				GCC_PRECOMPILE_PREFIX_HEADER = YES;
				GCC_PREFIX_HEADER = "social/social-Prefix.pch";
				INFOPLIST_FILE = "socialTests/explorerTests-Info.plist";
				PRODUCT_NAME = explorerTests;
				TEST_HOST = "$(BUNDLE_LOADER)";
				WRAPPER_EXTENSION = octest;
			};
			name = Release;
		};
/* End XCBuildConfiguration section */

/* Begin XCConfigurationList section */
		94E8898615A4442500DF21D7 /* Build configuration list for PBXProject "explorer" */ = {
			isa = XCConfigurationList;
			buildConfigurations = (
				94E889BD15A4442600DF21D7 /* Debug */,
				94E889BE15A4442600DF21D7 /* Release */,
				9445C6A815AD4AEF0060E131 /* Distribution */,
			);
			defaultConfigurationIsVisible = 0;
			defaultConfigurationName = Release;
		};
		94E889BF15A4442600DF21D7 /* Build configuration list for PBXNativeTarget "explorer" */ = {
			isa = XCConfigurationList;
			buildConfigurations = (
				94E889C015A4442600DF21D7 /* Debug */,
				94E889C115A4442600DF21D7 /* Release */,
				9445C6A915AD4AEF0060E131 /* Distribution */,
			);
			defaultConfigurationIsVisible = 0;
			defaultConfigurationName = Release;
		};
		94E889C215A4442600DF21D7 /* Build configuration list for PBXNativeTarget "explorerTests" */ = {
			isa = XCConfigurationList;
			buildConfigurations = (
				94E889C315A4442600DF21D7 /* Debug */,
				94E889C415A4442600DF21D7 /* Release */,
				9445C6AA15AD4AEF0060E131 /* Distribution */,
			);
			defaultConfigurationIsVisible = 0;
			defaultConfigurationName = Release;
		};
/* End XCConfigurationList section */
	};
	rootObject = 94E8898315A4442500DF21D7 /* Project object */;
}
