// !$*UTF8*$!
{
	archiveVersion = 1;
	classes = {
	};
	objectVersion = 46;
	objects = {

/* Begin PBXBuildFile section */
		94E8899115A4442500DF21D7 /* UIKit.framework in Frameworks */ = {isa = PBXBuildFile; fileRef = 94E8899015A4442500DF21D7 /* UIKit.framework */; };
		94E8899315A4442500DF21D7 /* Foundation.framework in Frameworks */ = {isa = PBXBuildFile; fileRef = 94E8899215A4442500DF21D7 /* Foundation.framework */; };
		94E8899515A4442500DF21D7 /* CoreGraphics.framework in Frameworks */ = {isa = PBXBuildFile; fileRef = 94E8899415A4442500DF21D7 /* CoreGraphics.framework */; };
		94E8899B15A4442500DF21D7 /* InfoPlist.strings in Resources */ = {isa = PBXBuildFile; fileRef = 94E8899915A4442500DF21D7 /* InfoPlist.strings */; };
		94E8899D15A4442500DF21D7 /* main.m in Sources */ = {isa = PBXBuildFile; fileRef = 94E8899C15A4442500DF21D7 /* main.m */; };
		94E889A115A4442500DF21D7 /* AppDelegate.m in Sources */ = {isa = PBXBuildFile; fileRef = 94E889A015A4442500DF21D7 /* AppDelegate.m */; };
		94E889A415A4442500DF21D7 /* MainStoryboard.storyboard in Resources */ = {isa = PBXBuildFile; fileRef = 94E889A215A4442500DF21D7 /* MainStoryboard.storyboard */; };
		94E889A715A4442500DF21D7 /* ViewController.m in Sources */ = {isa = PBXBuildFile; fileRef = 94E889A615A4442500DF21D7 /* ViewController.m */; };
		94E889AF15A4442600DF21D7 /* SenTestingKit.framework in Frameworks */ = {isa = PBXBuildFile; fileRef = 94E889AE15A4442600DF21D7 /* SenTestingKit.framework */; };
		94E889B015A4442600DF21D7 /* UIKit.framework in Frameworks */ = {isa = PBXBuildFile; fileRef = 94E8899015A4442500DF21D7 /* UIKit.framework */; };
		94E889B115A4442600DF21D7 /* Foundation.framework in Frameworks */ = {isa = PBXBuildFile; fileRef = 94E8899215A4442500DF21D7 /* Foundation.framework */; };
		94E889B915A4442600DF21D7 /* InfoPlist.strings in Resources */ = {isa = PBXBuildFile; fileRef = 94E889B715A4442600DF21D7 /* InfoPlist.strings */; };
		94E889BC15A4442600DF21D7 /* socialTests.m in Sources */ = {isa = PBXBuildFile; fileRef = 94E889BB15A4442600DF21D7 /* socialTests.m */; };
/* End PBXBuildFile section */

/* Begin PBXContainerItemProxy section */
		94E889B215A4442600DF21D7 /* PBXContainerItemProxy */ = {
			isa = PBXContainerItemProxy;
			containerPortal = 94E8898315A4442500DF21D7 /* Project object */;
			proxyType = 1;
			remoteGlobalIDString = 94E8898B15A4442500DF21D7;
			remoteInfo = social;
		};
/* End PBXContainerItemProxy section */

/* Begin PBXFileReference section */
		94E8898C15A4442500DF21D7 /* social.app */ = {isa = PBXFileReference; explicitFileType = wrapper.application; includeInIndex = 0; path = social.app; sourceTree = BUILT_PRODUCTS_DIR; };
		94E8899015A4442500DF21D7 /* UIKit.framework */ = {isa = PBXFileReference; lastKnownFileType = wrapper.framework; name = UIKit.framework; path = System/Library/Frameworks/UIKit.framework; sourceTree = SDKROOT; };
		94E8899215A4442500DF21D7 /* Foundation.framework */ = {isa = PBXFileReference; lastKnownFileType = wrapper.framework; name = Foundation.framework; path = System/Library/Frameworks/Foundation.framework; sourceTree = SDKROOT; };
		94E8899415A4442500DF21D7 /* CoreGraphics.framework */ = {isa = PBXFileReference; lastKnownFileType = wrapper.framework; name = CoreGraphics.framework; path = System/Library/Frameworks/CoreGraphics.framework; sourceTree = SDKROOT; };
		94E8899815A4442500DF21D7 /* social-Info.plist */ = {isa = PBXFileReference; lastKnownFileType = text.plist.xml; path = "social-Info.plist"; sourceTree = "<group>"; };
		94E8899A15A4442500DF21D7 /* en */ = {isa = PBXFileReference; lastKnownFileType = text.plist.strings; name = en; path = en.lproj/InfoPlist.strings; sourceTree = "<group>"; };
		94E8899C15A4442500DF21D7 /* main.m */ = {isa = PBXFileReference; lastKnownFileType = sourcecode.c.objc; path = main.m; sourceTree = "<group>"; };
		94E8899E15A4442500DF21D7 /* social-Prefix.pch */ = {isa = PBXFileReference; lastKnownFileType = sourcecode.c.h; path = "social-Prefix.pch"; sourceTree = "<group>"; };
		94E8899F15A4442500DF21D7 /* AppDelegate.h */ = {isa = PBXFileReference; lastKnownFileType = sourcecode.c.h; path = AppDelegate.h; sourceTree = "<group>"; };
		94E889A015A4442500DF21D7 /* AppDelegate.m */ = {isa = PBXFileReference; lastKnownFileType = sourcecode.c.objc; path = AppDelegate.m; sourceTree = "<group>"; };
		94E889A315A4442500DF21D7 /* en */ = {isa = PBXFileReference; lastKnownFileType = file.storyboard; name = en; path = en.lproj/MainStoryboard.storyboard; sourceTree = "<group>"; };
		94E889A515A4442500DF21D7 /* ViewController.h */ = {isa = PBXFileReference; lastKnownFileType = sourcecode.c.h; path = ViewController.h; sourceTree = "<group>"; };
		94E889A615A4442500DF21D7 /* ViewController.m */ = {isa = PBXFileReference; lastKnownFileType = sourcecode.c.objc; path = ViewController.m; sourceTree = "<group>"; };
		94E889AD15A4442600DF21D7 /* socialTests.octest */ = {isa = PBXFileReference; explicitFileType = wrapper.cfbundle; includeInIndex = 0; path = socialTests.octest; sourceTree = BUILT_PRODUCTS_DIR; };
		94E889AE15A4442600DF21D7 /* SenTestingKit.framework */ = {isa = PBXFileReference; lastKnownFileType = wrapper.framework; name = SenTestingKit.framework; path = Library/Frameworks/SenTestingKit.framework; sourceTree = DEVELOPER_DIR; };
		94E889B615A4442600DF21D7 /* socialTests-Info.plist */ = {isa = PBXFileReference; lastKnownFileType = text.plist.xml; path = "socialTests-Info.plist"; sourceTree = "<group>"; };
		94E889B815A4442600DF21D7 /* en */ = {isa = PBXFileReference; lastKnownFileType = text.plist.strings; name = en; path = en.lproj/InfoPlist.strings; sourceTree = "<group>"; };
		94E889BA15A4442600DF21D7 /* socialTests.h */ = {isa = PBXFileReference; lastKnownFileType = sourcecode.c.h; path = socialTests.h; sourceTree = "<group>"; };
		94E889BB15A4442600DF21D7 /* socialTests.m */ = {isa = PBXFileReference; lastKnownFileType = sourcecode.c.objc; path = socialTests.m; sourceTree = "<group>"; };
/* End PBXFileReference section */

/* Begin PBXFrameworksBuildPhase section */
		94E8898915A4442500DF21D7 /* Frameworks */ = {
			isa = PBXFrameworksBuildPhase;
			buildActionMask = 2147483647;
			files = (
				94E8899115A4442500DF21D7 /* UIKit.framework in Frameworks */,
				94E8899315A4442500DF21D7 /* Foundation.framework in Frameworks */,
				94E8899515A4442500DF21D7 /* CoreGraphics.framework in Frameworks */,
			);
			runOnlyForDeploymentPostprocessing = 0;
		};
		94E889A915A4442600DF21D7 /* Frameworks */ = {
			isa = PBXFrameworksBuildPhase;
			buildActionMask = 2147483647;
			files = (
				94E889AF15A4442600DF21D7 /* SenTestingKit.framework in Frameworks */,
				94E889B015A4442600DF21D7 /* UIKit.framework in Frameworks */,
				94E889B115A4442600DF21D7 /* Foundation.framework in Frameworks */,
			);
			runOnlyForDeploymentPostprocessing = 0;
		};
/* End PBXFrameworksBuildPhase section */

/* Begin PBXGroup section */
		94E8898115A4442500DF21D7 = {
			isa = PBXGroup;
			children = (
				94E8899615A4442500DF21D7 /* social */,
				94E889B415A4442600DF21D7 /* socialTests */,
				94E8898F15A4442500DF21D7 /* Frameworks */,
				94E8898D15A4442500DF21D7 /* Products */,
			);
			sourceTree = "<group>";
		};
		94E8898D15A4442500DF21D7 /* Products */ = {
			isa = PBXGroup;
			children = (
				94E8898C15A4442500DF21D7 /* social.app */,
				94E889AD15A4442600DF21D7 /* socialTests.octest */,
			);
			name = Products;
			sourceTree = "<group>";
		};
		94E8898F15A4442500DF21D7 /* Frameworks */ = {
			isa = PBXGroup;
			children = (
				94E8899015A4442500DF21D7 /* UIKit.framework */,
				94E8899215A4442500DF21D7 /* Foundation.framework */,
				94E8899415A4442500DF21D7 /* CoreGraphics.framework */,
				94E889AE15A4442600DF21D7 /* SenTestingKit.framework */,
			);
			name = Frameworks;
			sourceTree = "<group>";
		};
		94E8899615A4442500DF21D7 /* social */ = {
			isa = PBXGroup;
			children = (
				94E8899F15A4442500DF21D7 /* AppDelegate.h */,
				94E889A015A4442500DF21D7 /* AppDelegate.m */,
				94E889A215A4442500DF21D7 /* MainStoryboard.storyboard */,
				94E889A515A4442500DF21D7 /* ViewController.h */,
				94E889A615A4442500DF21D7 /* ViewController.m */,
				94E8899715A4442500DF21D7 /* Supporting Files */,
			);
			path = social;
			sourceTree = "<group>";
		};
		94E8899715A4442500DF21D7 /* Supporting Files */ = {
			isa = PBXGroup;
			children = (
				94E8899815A4442500DF21D7 /* social-Info.plist */,
				94E8899915A4442500DF21D7 /* InfoPlist.strings */,
				94E8899C15A4442500DF21D7 /* main.m */,
				94E8899E15A4442500DF21D7 /* social-Prefix.pch */,
			);
			name = "Supporting Files";
			sourceTree = "<group>";
		};
		94E889B415A4442600DF21D7 /* socialTests */ = {
			isa = PBXGroup;
			children = (
				94E889BA15A4442600DF21D7 /* socialTests.h */,
				94E889BB15A4442600DF21D7 /* socialTests.m */,
				94E889B515A4442600DF21D7 /* Supporting Files */,
			);
			path = socialTests;
			sourceTree = "<group>";
		};
		94E889B515A4442600DF21D7 /* Supporting Files */ = {
			isa = PBXGroup;
			children = (
				94E889B615A4442600DF21D7 /* socialTests-Info.plist */,
				94E889B715A4442600DF21D7 /* InfoPlist.strings */,
			);
			name = "Supporting Files";
			sourceTree = "<group>";
		};
/* End PBXGroup section */

/* Begin PBXNativeTarget section */
		94E8898B15A4442500DF21D7 /* social */ = {
			isa = PBXNativeTarget;
			buildConfigurationList = 94E889BF15A4442600DF21D7 /* Build configuration list for PBXNativeTarget "social" */;
			buildPhases = (
				94E8898815A4442500DF21D7 /* Sources */,
				94E8898915A4442500DF21D7 /* Frameworks */,
				94E8898A15A4442500DF21D7 /* Resources */,
			);
			buildRules = (
			);
			dependencies = (
			);
			name = social;
			productName = social;
			productReference = 94E8898C15A4442500DF21D7 /* social.app */;
			productType = "com.apple.product-type.application";
		};
		94E889AC15A4442600DF21D7 /* socialTests */ = {
			isa = PBXNativeTarget;
			buildConfigurationList = 94E889C215A4442600DF21D7 /* Build configuration list for PBXNativeTarget "socialTests" */;
			buildPhases = (
				94E889A815A4442600DF21D7 /* Sources */,
				94E889A915A4442600DF21D7 /* Frameworks */,
				94E889AA15A4442600DF21D7 /* Resources */,
				94E889AB15A4442600DF21D7 /* ShellScript */,
			);
			buildRules = (
			);
			dependencies = (
				94E889B315A4442600DF21D7 /* PBXTargetDependency */,
			);
			name = socialTests;
			productName = socialTests;
			productReference = 94E889AD15A4442600DF21D7 /* socialTests.octest */;
			productType = "com.apple.product-type.bundle";
		};
/* End PBXNativeTarget section */

/* Begin PBXProject section */
		94E8898315A4442500DF21D7 /* Project object */ = {
			isa = PBXProject;
			attributes = {
				LastUpgradeCheck = 0430;
			};
			buildConfigurationList = 94E8898615A4442500DF21D7 /* Build configuration list for PBXProject "social" */;
			compatibilityVersion = "Xcode 3.2";
			developmentRegion = English;
			hasScannedForEncodings = 0;
			knownRegions = (
				en,
			);
			mainGroup = 94E8898115A4442500DF21D7;
			productRefGroup = 94E8898D15A4442500DF21D7 /* Products */;
			projectDirPath = "";
			projectRoot = "";
			targets = (
				94E8898B15A4442500DF21D7 /* social */,
				94E889AC15A4442600DF21D7 /* socialTests */,
			);
		};
/* End PBXProject section */

/* Begin PBXResourcesBuildPhase section */
		94E8898A15A4442500DF21D7 /* Resources */ = {
			isa = PBXResourcesBuildPhase;
			buildActionMask = 2147483647;
			files = (
				94E8899B15A4442500DF21D7 /* InfoPlist.strings in Resources */,
				94E889A415A4442500DF21D7 /* MainStoryboard.storyboard in Resources */,
			);
			runOnlyForDeploymentPostprocessing = 0;
		};
		94E889AA15A4442600DF21D7 /* Resources */ = {
			isa = PBXResourcesBuildPhase;
			buildActionMask = 2147483647;
			files = (
				94E889B915A4442600DF21D7 /* InfoPlist.strings in Resources */,
			);
			runOnlyForDeploymentPostprocessing = 0;
		};
/* End PBXResourcesBuildPhase section */

/* Begin PBXShellScriptBuildPhase section */
		94E889AB15A4442600DF21D7 /* ShellScript */ = {
			isa = PBXShellScriptBuildPhase;
			buildActionMask = 2147483647;
			files = (
			);
			inputPaths = (
			);
			outputPaths = (
			);
			runOnlyForDeploymentPostprocessing = 0;
			shellPath = /bin/sh;
			shellScript = "# Run the unit tests in this test bundle.\n\"${SYSTEM_DEVELOPER_DIR}/Tools/RunUnitTests\"\n";
		};
/* End PBXShellScriptBuildPhase section */

/* Begin PBXSourcesBuildPhase section */
		94E8898815A4442500DF21D7 /* Sources */ = {
			isa = PBXSourcesBuildPhase;
			buildActionMask = 2147483647;
			files = (
				94E8899D15A4442500DF21D7 /* main.m in Sources */,
				94E889A115A4442500DF21D7 /* AppDelegate.m in Sources */,
				94E889A715A4442500DF21D7 /* ViewController.m in Sources */,
			);
			runOnlyForDeploymentPostprocessing = 0;
		};
		94E889A815A4442600DF21D7 /* Sources */ = {
			isa = PBXSourcesBuildPhase;
			buildActionMask = 2147483647;
			files = (
				94E889BC15A4442600DF21D7 /* socialTests.m in Sources */,
			);
			runOnlyForDeploymentPostprocessing = 0;
		};
/* End PBXSourcesBuildPhase section */

/* Begin PBXTargetDependency section */
		94E889B315A4442600DF21D7 /* PBXTargetDependency */ = {
			isa = PBXTargetDependency;
			target = 94E8898B15A4442500DF21D7 /* social */;
			targetProxy = 94E889B215A4442600DF21D7 /* PBXContainerItemProxy */;
		};
/* End PBXTargetDependency section */

/* Begin PBXVariantGroup section */
		94E8899915A4442500DF21D7 /* InfoPlist.strings */ = {
			isa = PBXVariantGroup;
			children = (
				94E8899A15A4442500DF21D7 /* en */,
			);
			name = InfoPlist.strings;
			sourceTree = "<group>";
		};
		94E889A215A4442500DF21D7 /* MainStoryboard.storyboard */ = {
			isa = PBXVariantGroup;
			children = (
				94E889A315A4442500DF21D7 /* en */,
			);
			name = MainStoryboard.storyboard;
			sourceTree = "<group>";
		};
		94E889B715A4442600DF21D7 /* InfoPlist.strings */ = {
			isa = PBXVariantGroup;
			children = (
				94E889B815A4442600DF21D7 /* en */,
			);
			name = InfoPlist.strings;
			sourceTree = "<group>";
		};
/* End PBXVariantGroup section */

/* Begin XCBuildConfiguration section */
		94E889BD15A4442600DF21D7 /* Debug */ = {
			isa = XCBuildConfiguration;
			buildSettings = {
				ALWAYS_SEARCH_USER_PATHS = NO;
				ARCHS = "$(ARCHS_STANDARD_32_BIT)";
				CLANG_ENABLE_OBJC_ARC = YES;
				"CODE_SIGN_IDENTITY[sdk=iphoneos*]" = "iPhone Developer";
				COPY_PHASE_STRIP = NO;
				GCC_C_LANGUAGE_STANDARD = gnu99;
				GCC_DYNAMIC_NO_PIC = NO;
				GCC_OPTIMIZATION_LEVEL = 0;
				GCC_PREPROCESSOR_DEFINITIONS = (
					"DEBUG=1",
					"$(inherited)",
				);
				GCC_SYMBOLS_PRIVATE_EXTERN = NO;
				GCC_VERSION = com.apple.compilers.llvm.clang.1_0;
				GCC_WARN_ABOUT_RETURN_TYPE = YES;
				GCC_WARN_UNINITIALIZED_AUTOS = YES;
				GCC_WARN_UNUSED_VARIABLE = YES;
				IPHONEOS_DEPLOYMENT_TARGET = 5.1;
				SDKROOT = iphoneos;
			};
			name = Debug;
		};
		94E889BE15A4442600DF21D7 /* Release */ = {
			isa = XCBuildConfiguration;
			buildSettings = {
				ALWAYS_SEARCH_USER_PATHS = NO;
				ARCHS = "$(ARCHS_STANDARD_32_BIT)";
				CLANG_ENABLE_OBJC_ARC = YES;
				"CODE_SIGN_IDENTITY[sdk=iphoneos*]" = "iPhone Developer";
				COPY_PHASE_STRIP = YES;
				GCC_C_LANGUAGE_STANDARD = gnu99;
				GCC_VERSION = com.apple.compilers.llvm.clang.1_0;
				GCC_WARN_ABOUT_RETURN_TYPE = YES;
				GCC_WARN_UNINITIALIZED_AUTOS = YES;
				GCC_WARN_UNUSED_VARIABLE = YES;
				IPHONEOS_DEPLOYMENT_TARGET = 5.1;
				OTHER_CFLAGS = "-DNS_BLOCK_ASSERTIONS=1";
				SDKROOT = iphoneos;
				VALIDATE_PRODUCT = YES;
			};
			name = Release;
		};
		94E889C015A4442600DF21D7 /* Debug */ = {
			isa = XCBuildConfiguration;
			buildSettings = {
				GCC_PRECOMPILE_PREFIX_HEADER = YES;
				GCC_PREFIX_HEADER = "social/social-Prefix.pch";
				INFOPLIST_FILE = "social/social-Info.plist";
				PRODUCT_NAME = "$(TARGET_NAME)";
				WRAPPER_EXTENSION = app;
			};
			name = Debug;
		};
		94E889C115A4442600DF21D7 /* Release */ = {
			isa = XCBuildConfiguration;
			buildSettings = {
				GCC_PRECOMPILE_PREFIX_HEADER = YES;
				GCC_PREFIX_HEADER = "social/social-Prefix.pch";
				INFOPLIST_FILE = "social/social-Info.plist";
				PRODUCT_NAME = "$(TARGET_NAME)";
				WRAPPER_EXTENSION = app;
			};
			name = Release;
		};
		94E889C315A4442600DF21D7 /* Debug */ = {
			isa = XCBuildConfiguration;
			buildSettings = {
				BUNDLE_LOADER = "$(BUILT_PRODUCTS_DIR)/social.app/social";
				FRAMEWORK_SEARCH_PATHS = (
					"$(SDKROOT)/Developer/Library/Frameworks",
					"$(DEVELOPER_LIBRARY_DIR)/Frameworks",
				);
				GCC_PRECOMPILE_PREFIX_HEADER = YES;
				GCC_PREFIX_HEADER = "social/social-Prefix.pch";
				INFOPLIST_FILE = "socialTests/socialTests-Info.plist";
				PRODUCT_NAME = "$(TARGET_NAME)";
				TEST_HOST = "$(BUNDLE_LOADER)";
				WRAPPER_EXTENSION = octest;
			};
			name = Debug;
		};
		94E889C415A4442600DF21D7 /* Release */ = {
			isa = XCBuildConfiguration;
			buildSettings = {
				BUNDLE_LOADER = "$(BUILT_PRODUCTS_DIR)/social.app/social";
				FRAMEWORK_SEARCH_PATHS = (
					"$(SDKROOT)/Developer/Library/Frameworks",
					"$(DEVELOPER_LIBRARY_DIR)/Frameworks",
				);
				GCC_PRECOMPILE_PREFIX_HEADER = YES;
				GCC_PREFIX_HEADER = "social/social-Prefix.pch";
				INFOPLIST_FILE = "socialTests/socialTests-Info.plist";
				PRODUCT_NAME = "$(TARGET_NAME)";
				TEST_HOST = "$(BUNDLE_LOADER)";
				WRAPPER_EXTENSION = octest;
			};
			name = Release;
		};
/* End XCBuildConfiguration section */

/* Begin XCConfigurationList section */
		94E8898615A4442500DF21D7 /* Build configuration list for PBXProject "social" */ = {
			isa = XCConfigurationList;
			buildConfigurations = (
				94E889BD15A4442600DF21D7 /* Debug */,
				94E889BE15A4442600DF21D7 /* Release */,
			);
			defaultConfigurationIsVisible = 0;
			defaultConfigurationName = Release;
		};
		94E889BF15A4442600DF21D7 /* Build configuration list for PBXNativeTarget "social" */ = {
			isa = XCConfigurationList;
			buildConfigurations = (
				94E889C015A4442600DF21D7 /* Debug */,
				94E889C115A4442600DF21D7 /* Release */,
			);
			defaultConfigurationIsVisible = 0;
		};
		94E889C215A4442600DF21D7 /* Build configuration list for PBXNativeTarget "socialTests" */ = {
			isa = XCConfigurationList;
			buildConfigurations = (
				94E889C315A4442600DF21D7 /* Debug */,
				94E889C415A4442600DF21D7 /* Release */,
			);
			defaultConfigurationIsVisible = 0;
		};
/* End XCConfigurationList section */
	};
	rootObject = 94E8898315A4442500DF21D7 /* Project object */;
}
